
Microsoft Visual Studio Solution File, Format Version 12.00
# Visual Studio 2013
VisualStudioVersion = 12.0.31101.0
MinimumVisualStudioVersion = 10.0.40219.1
Project("{FAE04EC0-301F-11D3-BF4B-00C04F79EFBC}") = "WebApi", "WebApi\WebApi.csproj", "{98A2B962-0B9D-4C10-BAAC-E2784A5A45F1}"
EndProject
Project("{FAE04EC0-301F-11D3-BF4B-00C04F79EFBC}") = "DomainModel", "DomainModel\DomainModel.csproj", "{77A0FA50-2BC5-4107-8FF2-1E415E0A64FE}"
EndProject
Project("{FAE04EC0-301F-11D3-BF4B-00C04F79EFBC}") = "RemoteScoreClient", "RemoteScoreClient\RemoteScoreClient.csproj", "{BDA9587B-8D9D-40CD-BAA6-364E4D2010FD}"
EndProject
Project("{FAE04EC0-301F-11D3-BF4B-00C04F79EFBC}") = "LocalScoreStores", "LocalScoreStores\LocalScoreStores.csproj", "{50A7DFE6-2187-4843-889A-10EE27A5F2CD}"
EndProject
Project("{FAE04EC0-301F-11D3-BF4B-00C04F79EFBC}") = "DatabaseScoreClient", "DatabaseScoreClient\DatabaseScoreClient.csproj", "{86A28426-D59C-4F3F-A342-21E0BA617864}"
EndProject
Project("{FAE04EC0-301F-11D3-BF4B-00C04F79EFBC}") = "ConsoleTest", "ConsoleTest\ConsoleTest.csproj", "{20DAC829-A8CD-4F86-80A3-351757A5C0B5}"
EndProject
Project("{FAE04EC0-301F-11D3-BF4B-00C04F79EFBC}") = "TicTacToeView", "TicTacToeView\TicTacToeView.csproj", "{7731C3B3-9539-4F45-A164-2C4709C7E482}"
EndProject
Project("{FAE04EC0-301F-11D3-BF4B-00C04F79EFBC}") = "FourInARowView", "FourInARowView\FourInARowView.csproj", "{2094F77F-698A-4459-8E3B-F39AD0DAB3C4}"
EndProject
Project("{FAE04EC0-301F-11D3-BF4B-00C04F79EFBC}") = "Core", "Core\Core.csproj", "{E4AE1296-695F-41C1-A601-102ECC351A27}"
EndProject
Project("{FAE04EC0-301F-11D3-BF4B-00C04F79EFBC}") = "TicTacToeGameApp", "TicTacToeGameApp\TicTacToeGameApp.csproj", "{DAA2E2A0-A80C-45CC-98EB-BB217DCB5EBE}"
EndProject
Project("{FAE04EC0-301F-11D3-BF4B-00C04F79EFBC}") = "TicTacToeModel", "TicTacToeModel\TicTacToeModel.csproj", "{BBA4A12E-3F56-42AF-AF91-29EC18C2C32B}"
EndProject
Project("{FAE04EC0-301F-11D3-BF4B-00C04F79EFBC}") = "TicTacToeViewModel", "TicTacToeViewModel\TicTacToeViewModel.csproj", "{65ED556F-38CF-4564-8677-44951B021688}"
EndProject
Project("{FAE04EC0-301F-11D3-BF4B-00C04F79EFBC}") = "TicTacToeTest", "TicTacToeTest\TicTacToeTest.csproj", "{6D1AADB3-87BE-40D4-AA95-85CD3D04FC9C}"
EndProject
Global
	GlobalSection(SolutionConfigurationPlatforms) = preSolution
		Debug|Any CPU = Debug|Any CPU
		Release|Any CPU = Release|Any CPU
	EndGlobalSection
	GlobalSection(ProjectConfigurationPlatforms) = postSolution
		{98A2B962-0B9D-4C10-BAAC-E2784A5A45F1}.Debug|Any CPU.ActiveCfg = Debug|Any CPU
		{98A2B962-0B9D-4C10-BAAC-E2784A5A45F1}.Debug|Any CPU.Build.0 = Debug|Any CPU
		{98A2B962-0B9D-4C10-BAAC-E2784A5A45F1}.Release|Any CPU.ActiveCfg = Release|Any CPU
		{98A2B962-0B9D-4C10-BAAC-E2784A5A45F1}.Release|Any CPU.Build.0 = Release|Any CPU
		{77A0FA50-2BC5-4107-8FF2-1E415E0A64FE}.Debug|Any CPU.ActiveCfg = Debug|Any CPU
		{77A0FA50-2BC5-4107-8FF2-1E415E0A64FE}.Debug|Any CPU.Build.0 = Debug|Any CPU
		{77A0FA50-2BC5-4107-8FF2-1E415E0A64FE}.Release|Any CPU.ActiveCfg = Release|Any CPU
		{77A0FA50-2BC5-4107-8FF2-1E415E0A64FE}.Release|Any CPU.Build.0 = Release|Any CPU
		{BDA9587B-8D9D-40CD-BAA6-364E4D2010FD}.Debug|Any CPU.ActiveCfg = Debug|Any CPU
		{BDA9587B-8D9D-40CD-BAA6-364E4D2010FD}.Debug|Any CPU.Build.0 = Debug|Any CPU
		{BDA9587B-8D9D-40CD-BAA6-364E4D2010FD}.Release|Any CPU.ActiveCfg = Release|Any CPU
		{BDA9587B-8D9D-40CD-BAA6-364E4D2010FD}.Release|Any CPU.Build.0 = Release|Any CPU
		{50A7DFE6-2187-4843-889A-10EE27A5F2CD}.Debug|Any CPU.ActiveCfg = Debug|Any CPU
		{50A7DFE6-2187-4843-889A-10EE27A5F2CD}.Debug|Any CPU.Build.0 = Debug|Any CPU
		{50A7DFE6-2187-4843-889A-10EE27A5F2CD}.Release|Any CPU.ActiveCfg = Release|Any CPU
		{50A7DFE6-2187-4843-889A-10EE27A5F2CD}.Release|Any CPU.Build.0 = Release|Any CPU
		{86A28426-D59C-4F3F-A342-21E0BA617864}.Debug|Any CPU.ActiveCfg = Debug|Any CPU
		{86A28426-D59C-4F3F-A342-21E0BA617864}.Debug|Any CPU.Build.0 = Debug|Any CPU
		{86A28426-D59C-4F3F-A342-21E0BA617864}.Release|Any CPU.ActiveCfg = Release|Any CPU
		{86A28426-D59C-4F3F-A342-21E0BA617864}.Release|Any CPU.Build.0 = Release|Any CPU
		{20DAC829-A8CD-4F86-80A3-351757A5C0B5}.Debug|Any CPU.ActiveCfg = Debug|Any CPU
		{20DAC829-A8CD-4F86-80A3-351757A5C0B5}.Debug|Any CPU.Build.0 = Debug|Any CPU
		{20DAC829-A8CD-4F86-80A3-351757A5C0B5}.Release|Any CPU.ActiveCfg = Release|Any CPU
		{20DAC829-A8CD-4F86-80A3-351757A5C0B5}.Release|Any CPU.Build.0 = Release|Any CPU
		{7731C3B3-9539-4F45-A164-2C4709C7E482}.Debug|Any CPU.ActiveCfg = Debug|Any CPU
		{7731C3B3-9539-4F45-A164-2C4709C7E482}.Debug|Any CPU.Build.0 = Debug|Any CPU
		{7731C3B3-9539-4F45-A164-2C4709C7E482}.Release|Any CPU.ActiveCfg = Release|Any CPU
		{7731C3B3-9539-4F45-A164-2C4709C7E482}.Release|Any CPU.Build.0 = Release|Any CPU
		{2094F77F-698A-4459-8E3B-F39AD0DAB3C4}.Debug|Any CPU.ActiveCfg = Debug|Any CPU
		{2094F77F-698A-4459-8E3B-F39AD0DAB3C4}.Debug|Any CPU.Build.0 = Debug|Any CPU
		{2094F77F-698A-4459-8E3B-F39AD0DAB3C4}.Release|Any CPU.ActiveCfg = Release|Any CPU
		{2094F77F-698A-4459-8E3B-F39AD0DAB3C4}.Release|Any CPU.Build.0 = Release|Any CPU
		{E4AE1296-695F-41C1-A601-102ECC351A27}.Debug|Any CPU.ActiveCfg = Debug|Any CPU
		{E4AE1296-695F-41C1-A601-102ECC351A27}.Debug|Any CPU.Build.0 = Debug|Any CPU
		{E4AE1296-695F-41C1-A601-102ECC351A27}.Release|Any CPU.ActiveCfg = Release|Any CPU
		{E4AE1296-695F-41C1-A601-102ECC351A27}.Release|Any CPU.Build.0 = Release|Any CPU
		{DAA2E2A0-A80C-45CC-98EB-BB217DCB5EBE}.Debug|Any CPU.ActiveCfg = Debug|Any CPU
		{DAA2E2A0-A80C-45CC-98EB-BB217DCB5EBE}.Debug|Any CPU.Build.0 = Debug|Any CPU
		{DAA2E2A0-A80C-45CC-98EB-BB217DCB5EBE}.Release|Any CPU.ActiveCfg = Release|Any CPU
		{DAA2E2A0-A80C-45CC-98EB-BB217DCB5EBE}.Release|Any CPU.Build.0 = Release|Any CPU
		{BBA4A12E-3F56-42AF-AF91-29EC18C2C32B}.Debug|Any CPU.ActiveCfg = Debug|Any CPU
		{BBA4A12E-3F56-42AF-AF91-29EC18C2C32B}.Debug|Any CPU.Build.0 = Debug|Any CPU
		{BBA4A12E-3F56-42AF-AF91-29EC18C2C32B}.Release|Any CPU.ActiveCfg = Release|Any CPU
		{BBA4A12E-3F56-42AF-AF91-29EC18C2C32B}.Release|Any CPU.Build.0 = Release|Any CPU
		{65ED556F-38CF-4564-8677-44951B021688}.Debug|Any CPU.ActiveCfg = Debug|Any CPU
		{65ED556F-38CF-4564-8677-44951B021688}.Debug|Any CPU.Build.0 = Debug|Any CPU
		{65ED556F-38CF-4564-8677-44951B021688}.Release|Any CPU.ActiveCfg = Release|Any CPU
		{65ED556F-38CF-4564-8677-44951B021688}.Release|Any CPU.Build.0 = Release|Any CPU
		{6D1AADB3-87BE-40D4-AA95-85CD3D04FC9C}.Debug|Any CPU.ActiveCfg = Debug|Any CPU
		{6D1AADB3-87BE-40D4-AA95-85CD3D04FC9C}.Debug|Any CPU.Build.0 = Debug|Any CPU
		{6D1AADB3-87BE-40D4-AA95-85CD3D04FC9C}.Release|Any CPU.ActiveCfg = Release|Any CPU
		{6D1AADB3-87BE-40D4-AA95-85CD3D04FC9C}.Release|Any CPU.Build.0 = Release|Any CPU
	EndGlobalSection
	GlobalSection(SolutionProperties) = preSolution
		HideSolutionNode = FALSE
	EndGlobalSection
EndGlobal
